// !$*UTF8*$!
{
	archiveVersion = 1;
	classes = {
	};
	objectVersion = 46;
	objects = {

/* Begin PBXBuildFile section */
		B50EF9B5243BC9CB0087B626 /* skybox.cpp in Sources */ = {isa = PBXBuildFile; fileRef = B50EF9B3243BC9CB0087B626 /* skybox.cpp */; };
		B54C29F4243D72F500AF38DF /* loadOFF.cpp in Sources */ = {isa = PBXBuildFile; fileRef = B54C29F2243D72F500AF38DF /* loadOFF.cpp */; };
		B55685C8243D489C0064A4EA /* tesla_coil.cpp in Sources */ = {isa = PBXBuildFile; fileRef = B55685C6243D489C0064A4EA /* tesla_coil.cpp */; };
		B590E6F6241F1C1B00F7B635 /* keyboard.cpp in Sources */ = {isa = PBXBuildFile; fileRef = B590E6F4241F1C1B00F7B635 /* keyboard.cpp */; };
		B59869742415B52700CB409A /* OpenGL.framework in Frameworks */ = {isa = PBXBuildFile; fileRef = B59869732415B52700CB409A /* OpenGL.framework */; };
		B59A601E243A984300602619 /* main.cpp in Sources */ = {isa = PBXBuildFile; fileRef = B59A601C243A984300602619 /* main.cpp */; };
		B59A6024243ACD6A00602619 /* building.cpp in Sources */ = {isa = PBXBuildFile; fileRef = B59A6022243ACD6A00602619 /* building.cpp */; };
/* End PBXBuildFile section */

/* Begin PBXCopyFilesBuildPhase section */
		B59869672415B3E800CB409A /* CopyFiles */ = {
			isa = PBXCopyFilesBuildPhase;
			buildActionMask = 2147483647;
			dstPath = /usr/share/man/man1/;
			dstSubfolderSpec = 0;
			files = (
			);
			runOnlyForDeploymentPostprocessing = 1;
		};
/* End PBXCopyFilesBuildPhase section */

/* Begin PBXFileReference section */
		B50EF9AF243BC7A10087B626 /* interior_wall.bmp */ = {isa = PBXFileReference; lastKnownFileType = image.bmp; path = interior_wall.bmp; sourceTree = "<group>"; };
		B50EF9B0243BC7A10087B626 /* metal panels generic.bmp */ = {isa = PBXFileReference; lastKnownFileType = image.bmp; path = "metal panels generic.bmp"; sourceTree = "<group>"; };
		B50EF9B3243BC9CB0087B626 /* skybox.cpp */ = {isa = PBXFileReference; fileEncoding = 4; lastKnownFileType = sourcecode.cpp.cpp; path = skybox.cpp; sourceTree = "<group>"; };
		B50EF9B4243BC9CB0087B626 /* skybox.h */ = {isa = PBXFileReference; fileEncoding = 4; lastKnownFileType = sourcecode.c.h; path = skybox.h; sourceTree = "<group>"; };
		B54488AB243F45FA00BD6674 /* remote_boat.off */ = {isa = PBXFileReference; lastKnownFileType = text; path = remote_boat.off; sourceTree = "<group>"; };
		B54C29F2243D72F500AF38DF /* loadOFF.cpp */ = {isa = PBXFileReference; fileEncoding = 4; lastKnownFileType = sourcecode.cpp.cpp; path = loadOFF.cpp; sourceTree = "<group>"; };
		B54C29F3243D72F500AF38DF /* loadOFF.h */ = {isa = PBXFileReference; fileEncoding = 4; lastKnownFileType = sourcecode.c.h; path = loadOFF.h; sourceTree = "<group>"; };
		B54C29FB243D7DEF00AF38DF /* Cannon.off */ = {isa = PBXFileReference; lastKnownFileType = text; path = Cannon.off; sourceTree = "<group>"; };
		B54C29FC243D7DF400AF38DF /* coil_top.off */ = {isa = PBXFileReference; lastKnownFileType = text; path = coil_top.off; sourceTree = "<group>"; };
		B55685C5243D48700064A4EA /* copper_winding.tga */ = {isa = PBXFileReference; lastKnownFileType = file; path = copper_winding.tga; sourceTree = "<group>"; };
		B55685C6243D489C0064A4EA /* tesla_coil.cpp */ = {isa = PBXFileReference; fileEncoding = 4; lastKnownFileType = sourcecode.cpp.cpp; path = tesla_coil.cpp; sourceTree = "<group>"; };
		B55685C7243D489C0064A4EA /* tesla_coil.h */ = {isa = PBXFileReference; fileEncoding = 4; lastKnownFileType = sourcecode.c.h; path = tesla_coil.h; sourceTree = "<group>"; };
		B590E6E6241F04F900F7B635 /* loadTGA.h */ = {isa = PBXFileReference; lastKnownFileType = sourcecode.c.h; path = loadTGA.h; sourceTree = "<group>"; };
		B590E6F4241F1C1B00F7B635 /* keyboard.cpp */ = {isa = PBXFileReference; fileEncoding = 4; lastKnownFileType = sourcecode.cpp.cpp; path = keyboard.cpp; sourceTree = "<group>"; };
		B590E6F5241F1C1B00F7B635 /* keyboard.h */ = {isa = PBXFileReference; fileEncoding = 4; lastKnownFileType = sourcecode.c.h; path = keyboard.h; sourceTree = "<group>"; };
		B590E6FE241F319500F7B635 /* back.tga */ = {isa = PBXFileReference; lastKnownFileType = file; path = back.tga; sourceTree = "<group>"; };
		B590E6FF241F319500F7B635 /* bottom.tga */ = {isa = PBXFileReference; lastKnownFileType = file; path = bottom.tga; sourceTree = "<group>"; };
		B590E700241F319500F7B635 /* front.tga */ = {isa = PBXFileReference; lastKnownFileType = file; path = front.tga; sourceTree = "<group>"; };
		B590E701241F319500F7B635 /* left.tga */ = {isa = PBXFileReference; lastKnownFileType = file; path = left.tga; sourceTree = "<group>"; };
		B590E702241F319500F7B635 /* right.tga */ = {isa = PBXFileReference; lastKnownFileType = file; path = right.tga; sourceTree = "<group>"; };
		B590E703241F319500F7B635 /* top.tga */ = {isa = PBXFileReference; lastKnownFileType = file; path = top.tga; sourceTree = "<group>"; };
		B59869692415B3E800CB409A /* Assignment1 */ = {isa = PBXFileReference; explicitFileType = "compiled.mach-o.executable"; includeInIndex = 0; path = Assignment1; sourceTree = BUILT_PRODUCTS_DIR; };
		B59869732415B52700CB409A /* OpenGL.framework */ = {isa = PBXFileReference; lastKnownFileType = wrapper.framework; name = OpenGL.framework; path = System/Library/Frameworks/OpenGL.framework; sourceTree = SDKROOT; };
		B59A601B243A984300602619 /* loadBMP.h */ = {isa = PBXFileReference; fileEncoding = 4; lastKnownFileType = sourcecode.c.h; path = loadBMP.h; sourceTree = "<group>"; };
		B59A601C243A984300602619 /* main.cpp */ = {isa = PBXFileReference; fileEncoding = 4; lastKnownFileType = sourcecode.cpp.cpp; path = main.cpp; sourceTree = "<group>"; };
		B59A601D243A984300602619 /* VaseTexture.bmp */ = {isa = PBXFileReference; lastKnownFileType = image.bmp; path = VaseTexture.bmp; sourceTree = "<group>"; };
		B59A601F243AA4B100602619 /* Fern.bmp */ = {isa = PBXFileReference; lastKnownFileType = image.bmp; path = Fern.bmp; sourceTree = "<group>"; };
		B59A6020243AA7BD00602619 /* grass.bmp */ = {isa = PBXFileReference; lastKnownFileType = image.bmp; path = grass.bmp; sourceTree = "<group>"; };
		B59A6021243ACC6400602619 /* main.h */ = {isa = PBXFileReference; lastKnownFileType = sourcecode.c.h; path = main.h; sourceTree = "<group>"; };
		B59A6022243ACD6A00602619 /* building.cpp */ = {isa = PBXFileReference; fileEncoding = 4; lastKnownFileType = sourcecode.cpp.cpp; path = building.cpp; sourceTree = "<group>"; };
		B59A6023243ACD6A00602619 /* building.h */ = {isa = PBXFileReference; fileEncoding = 4; lastKnownFileType = sourcecode.c.h; path = building.h; sourceTree = "<group>"; };
/* End PBXFileReference section */

/* Begin PBXFrameworksBuildPhase section */
		B59869662415B3E800CB409A /* Frameworks */ = {
			isa = PBXFrameworksBuildPhase;
			buildActionMask = 2147483647;
			files = (
				B59869742415B52700CB409A /* OpenGL.framework in Frameworks */,
			);
			runOnlyForDeploymentPostprocessing = 0;
		};
/* End PBXFrameworksBuildPhase section */

/* Begin PBXGroup section */
		B50EF9B2243BC8480087B626 /* libraries */ = {
			isa = PBXGroup;
			children = (
				B59A601B243A984300602619 /* loadBMP.h */,
				B590E6E6241F04F900F7B635 /* loadTGA.h */,
				B54C29F2243D72F500AF38DF /* loadOFF.cpp */,
				B54C29F3243D72F500AF38DF /* loadOFF.h */,
			);
			name = libraries;
			sourceTree = "<group>";
		};
		B54C29FA243D7DE500AF38DF /* models */ = {
			isa = PBXGroup;
			children = (
				B54488AB243F45FA00BD6674 /* remote_boat.off */,
				B54C29FC243D7DF400AF38DF /* coil_top.off */,
				B54C29FB243D7DEF00AF38DF /* Cannon.off */,
			);
			name = models;
			sourceTree = "<group>";
		};
		B590E6E9241F06EF00F7B635 /* texture_files */ = {
			isa = PBXGroup;
			children = (
				B590E6F7241F2F6C00F7B635 /* skybox */,
				B50EF9AF243BC7A10087B626 /* interior_wall.bmp */,
				B50EF9B0243BC7A10087B626 /* metal panels generic.bmp */,
				B59A6020243AA7BD00602619 /* grass.bmp */,
				B59A601F243AA4B100602619 /* Fern.bmp */,
				B59A601D243A984300602619 /* VaseTexture.bmp */,
				B55685C5243D48700064A4EA /* copper_winding.tga */,
			);
			name = texture_files;
			sourceTree = "<group>";
		};
		B590E6F7241F2F6C00F7B635 /* skybox */ = {
			isa = PBXGroup;
			children = (
				B590E6FE241F319500F7B635 /* back.tga */,
				B590E6FF241F319500F7B635 /* bottom.tga */,
				B590E700241F319500F7B635 /* front.tga */,
				B590E701241F319500F7B635 /* left.tga */,
				B590E702241F319500F7B635 /* right.tga */,
				B590E703241F319500F7B635 /* top.tga */,
			);
			name = skybox;
			sourceTree = "<group>";
		};
		B59869602415B3E800CB409A = {
			isa = PBXGroup;
			children = (
				B59869732415B52700CB409A /* OpenGL.framework */,
				B598696B2415B3E800CB409A /* Assignment1 */,
				B598696A2415B3E800CB409A /* Products */,
			);
			sourceTree = "<group>";
		};
		B598696A2415B3E800CB409A /* Products */ = {
			isa = PBXGroup;
			children = (
				B59869692415B3E800CB409A /* Assignment1 */,
			);
			name = Products;
			sourceTree = "<group>";
		};
		B598696B2415B3E800CB409A /* Assignment1 */ = {
			isa = PBXGroup;
			children = (
				B50EF9B3243BC9CB0087B626 /* skybox.cpp */,
				B50EF9B4243BC9CB0087B626 /* skybox.h */,
				B59A601C243A984300602619 /* main.cpp */,
				B59A6021243ACC6400602619 /* main.h */,
				B590E6F4241F1C1B00F7B635 /* keyboard.cpp */,
				B590E6F5241F1C1B00F7B635 /* keyboard.h */,
				B59A6022243ACD6A00602619 /* building.cpp */,
				B59A6023243ACD6A00602619 /* building.h */,
				B55685C6243D489C0064A4EA /* tesla_coil.cpp */,
				B55685C7243D489C0064A4EA /* tesla_coil.h */,
				B590E6E9241F06EF00F7B635 /* texture_files */,
				B54C29FA243D7DE500AF38DF /* models */,
				B50EF9B2243BC8480087B626 /* libraries */,
			);
			path = Assignment1;
			sourceTree = "<group>";
		};
/* End PBXGroup section */

/* Begin PBXNativeTarget section */
		B59869682415B3E800CB409A /* Assignment1 */ = {
			isa = PBXNativeTarget;
			buildConfigurationList = B59869702415B3E800CB409A /* Build configuration list for PBXNativeTarget "Assignment1" */;
			buildPhases = (
				B59869652415B3E800CB409A /* Sources */,
				B59869662415B3E800CB409A /* Frameworks */,
				B59869672415B3E800CB409A /* CopyFiles */,
			);
			buildRules = (
			);
			dependencies = (
			);
			name = Assignment1;
			productName = Assignment1;
			productReference = B59869692415B3E800CB409A /* Assignment1 */;
			productType = "com.apple.product-type.tool";
		};
/* End PBXNativeTarget section */

/* Begin PBXProject section */
		B59869612415B3E800CB409A /* Project object */ = {
			isa = PBXProject;
			attributes = {
				LastUpgradeCheck = 0620;
				ORGANIZATIONNAME = "Benjamin Gorham Thurber";
				TargetAttributes = {
					B59869682415B3E800CB409A = {
						CreatedOnToolsVersion = 6.2;
					};
				};
			};
			buildConfigurationList = B59869642415B3E800CB409A /* Build configuration list for PBXProject "Assignment1" */;
			compatibilityVersion = "Xcode 3.2";
			developmentRegion = English;
			hasScannedForEncodings = 0;
			knownRegions = (
				en,
			);
			mainGroup = B59869602415B3E800CB409A;
			productRefGroup = B598696A2415B3E800CB409A /* Products */;
			projectDirPath = "";
			projectRoot = "";
			targets = (
				B59869682415B3E800CB409A /* Assignment1 */,
			);
		};
/* End PBXProject section */

/* Begin PBXSourcesBuildPhase section */
		B59869652415B3E800CB409A /* Sources */ = {
			isa = PBXSourcesBuildPhase;
			buildActionMask = 2147483647;
			files = (
				B59A601E243A984300602619 /* main.cpp in Sources */,
				B54C29F4243D72F500AF38DF /* loadOFF.cpp in Sources */,
				B59A6024243ACD6A00602619 /* building.cpp in Sources */,
				B590E6F6241F1C1B00F7B635 /* keyboard.cpp in Sources */,
				B50EF9B5243BC9CB0087B626 /* skybox.cpp in Sources */,
				B55685C8243D489C0064A4EA /* tesla_coil.cpp in Sources */,
			);
			runOnlyForDeploymentPostprocessing = 0;
		};
/* End PBXSourcesBuildPhase section */

/* Begin XCBuildConfiguration section */
		B598696E2415B3E800CB409A /* Debug */ = {
			isa = XCBuildConfiguration;
			buildSettings = {
				ALWAYS_SEARCH_USER_PATHS = NO;
				CLANG_CXX_LANGUAGE_STANDARD = "gnu++0x";
				CLANG_CXX_LIBRARY = "libc++";
				CLANG_ENABLE_MODULES = YES;
				CLANG_ENABLE_OBJC_ARC = YES;
				CLANG_WARN_BOOL_CONVERSION = YES;
				CLANG_WARN_CONSTANT_CONVERSION = YES;
				CLANG_WARN_DIRECT_OBJC_ISA_USAGE = YES_ERROR;
				CLANG_WARN_EMPTY_BODY = YES;
				CLANG_WARN_ENUM_CONVERSION = YES;
				CLANG_WARN_INT_CONVERSION = YES;
				CLANG_WARN_OBJC_ROOT_CLASS = YES_ERROR;
				CLANG_WARN_UNREACHABLE_CODE = YES;
				CLANG_WARN__DUPLICATE_METHOD_MATCH = YES;
				COPY_PHASE_STRIP = NO;
				ENABLE_STRICT_OBJC_MSGSEND = YES;
				GCC_C_LANGUAGE_STANDARD = gnu99;
				GCC_DYNAMIC_NO_PIC = NO;
				GCC_OPTIMIZATION_LEVEL = 0;
				GCC_PREPROCESSOR_DEFINITIONS = (
					"DEBUG=1",
					"$(inherited)",
				);
				GCC_SYMBOLS_PRIVATE_EXTERN = NO;
				GCC_WARN_64_TO_32_BIT_CONVERSION = YES;
				GCC_WARN_ABOUT_RETURN_TYPE = YES_ERROR;
				GCC_WARN_UNDECLARED_SELECTOR = YES;
				GCC_WARN_UNINITIALIZED_AUTOS = YES_AGGRESSIVE;
				GCC_WARN_UNUSED_FUNCTION = YES;
				GCC_WARN_UNUSED_VARIABLE = YES;
				MACOSX_DEPLOYMENT_TARGET = 10.9;
				MTL_ENABLE_DEBUG_INFO = YES;
				ONLY_ACTIVE_ARCH = YES;
				SDKROOT = macosx;
			};
			name = Debug;
		};
		B598696F2415B3E800CB409A /* Release */ = {
			isa = XCBuildConfiguration;
			buildSettings = {
				ALWAYS_SEARCH_USER_PATHS = NO;
				CLANG_CXX_LANGUAGE_STANDARD = "gnu++0x";
				CLANG_CXX_LIBRARY = "libc++";
				CLANG_ENABLE_MODULES = YES;
				CLANG_ENABLE_OBJC_ARC = YES;
				CLANG_WARN_BOOL_CONVERSION = YES;
				CLANG_WARN_CONSTANT_CONVERSION = YES;
				CLANG_WARN_DIRECT_OBJC_ISA_USAGE = YES_ERROR;
				CLANG_WARN_EMPTY_BODY = YES;
				CLANG_WARN_ENUM_CONVERSION = YES;
				CLANG_WARN_INT_CONVERSION = YES;
				CLANG_WARN_OBJC_ROOT_CLASS = YES_ERROR;
				CLANG_WARN_UNREACHABLE_CODE = YES;
				CLANG_WARN__DUPLICATE_METHOD_MATCH = YES;
				COPY_PHASE_STRIP = NO;
				DEBUG_INFORMATION_FORMAT = "dwarf-with-dsym";
				ENABLE_NS_ASSERTIONS = NO;
				ENABLE_STRICT_OBJC_MSGSEND = YES;
				GCC_C_LANGUAGE_STANDARD = gnu99;
				GCC_WARN_64_TO_32_BIT_CONVERSION = YES;
				GCC_WARN_ABOUT_RETURN_TYPE = YES_ERROR;
				GCC_WARN_UNDECLARED_SELECTOR = YES;
				GCC_WARN_UNINITIALIZED_AUTOS = YES_AGGRESSIVE;
				GCC_WARN_UNUSED_FUNCTION = YES;
				GCC_WARN_UNUSED_VARIABLE = YES;
				MACOSX_DEPLOYMENT_TARGET = 10.9;
				MTL_ENABLE_DEBUG_INFO = NO;
				SDKROOT = macosx;
			};
			name = Release;
		};
		B59869712415B3E800CB409A /* Debug */ = {
			isa = XCBuildConfiguration;
			buildSettings = {
				GCC_NO_COMMON_BLOCKS = YES;
				HEADER_SEARCH_PATHS = (
					"$(inherited)",
					/Applications/Xcode.app/Contents/Developer/Toolchains/XcodeDefault.xctoolchain/usr/include,
					/opt/X11/include,
					/usr/local/include,
					/usr/local/Cellar/devil/1.8.0_1/include,
				);
				"LIBRARY_SEARCH_PATHS[arch=*]" = (
					/opt/X11/lib,
					/usr/local/lib,
					/usr/local/Cellar/devil/1.8.0_1/lib,
				);
				"OTHER_LDFLAGS[arch=*]" = (
					"-lGLUT",
					"-lIL",
				);
				PRODUCT_NAME = "$(TARGET_NAME)";
			};
			name = Debug;
		};
		B59869722415B3E800CB409A /* Release */ = {
			isa = XCBuildConfiguration;
			buildSettings = {
				GCC_NO_COMMON_BLOCKS = YES;
				HEADER_SEARCH_PATHS = (
					"$(inherited)",
					/Applications/Xcode.app/Contents/Developer/Toolchains/XcodeDefault.xctoolchain/usr/include,
					/opt/X11/include,
					/usr/local/include,
					/usr/local/Cellar/devil/1.8.0_1/include,
				);
				"LIBRARY_SEARCH_PATHS[arch=*]" = (
					/usr/local/lib,
					/opt/X11/lib,
					/usr/local/Cellar/devil/1.8.0_1/lib,
				);
				"OTHER_LDFLAGS[arch=*]" = (
					"-lGLUT",
					"-lIL",
				);
				PRODUCT_NAME = "$(TARGET_NAME)";
			};
			name = Release;
		};
/* End XCBuildConfiguration section */

/* Begin XCConfigurationList section */
		B59869642415B3E800CB409A /* Build configuration list for PBXProject "Assignment1" */ = {
			isa = XCConfigurationList;
			buildConfigurations = (
				B598696E2415B3E800CB409A /* Debug */,
				B598696F2415B3E800CB409A /* Release */,
			);
			defaultConfigurationIsVisible = 0;
			defaultConfigurationName = Release;
		};
		B59869702415B3E800CB409A /* Build configuration list for PBXNativeTarget "Assignment1" */ = {
			isa = XCConfigurationList;
			buildConfigurations = (
				B59869712415B3E800CB409A /* Debug */,
				B59869722415B3E800CB409A /* Release */,
			);
			defaultConfigurationIsVisible = 0;
			defaultConfigurationName = Release;
		};
/* End XCConfigurationList section */
	};
	rootObject = B59869612415B3E800CB409A /* Project object */;
}
